// !$*UTF8*$!
{
	archiveVersion = 1;
	classes = {
	};
	objectVersion = 77;
	objects = {

/* Begin PBXBuildFile section */
		9C6C2ADE2ECD506E00FFE9DD /* DfinerySDK.xcframework in Frameworks */ = {isa = PBXBuildFile; fileRef = 9C4D65A72ECD501700292767 /* DfinerySDK.xcframework */; };
		9C6C2ADF2ECD506E00FFE9DD /* DfinerySDK.xcframework in Embed Frameworks */ = {isa = PBXBuildFile; fileRef = 9C4D65A72ECD501700292767 /* DfinerySDK.xcframework */; settings = {ATTRIBUTES = (CodeSignOnCopy, RemoveHeadersOnCopy, ); }; };
		9C6C2AE12ECD507200FFE9DD /* DfinerySDKServiceExtension.xcframework in Frameworks */ = {isa = PBXBuildFile; fileRef = 9C4D65A82ECD501700292767 /* DfinerySDKServiceExtension.xcframework */; };
		9C6C2AE22ECD507200FFE9DD /* DfinerySDKServiceExtension.xcframework in Embed Frameworks */ = {isa = PBXBuildFile; fileRef = 9C4D65A82ECD501700292767 /* DfinerySDKServiceExtension.xcframework */; settings = {ATTRIBUTES = (CodeSignOnCopy, RemoveHeadersOnCopy, ); }; };
		9C9ED7972ECD4E3800BB8F15 /* DfinerySwiftSampleServiceExtension.appex in Embed Foundation Extensions */ = {isa = PBXBuildFile; fileRef = 9C7E99002EAF07A500C60D3A /* DfinerySwiftSampleServiceExtension.appex */; settings = {ATTRIBUTES = (RemoveHeadersOnCopy, ); }; };
/* End PBXBuildFile section */

/* Begin PBXContainerItemProxy section */
		9C9ED7772ECD3AE000BB8F15 /* PBXContainerItemProxy */ = {
			isa = PBXContainerItemProxy;
			containerPortal = 9C7E987D2EAEF51400C60D3A /* Project object */;
			proxyType = 1;
			remoteGlobalIDString = 9C7E98842EAEF51400C60D3A;
			remoteInfo = DfinerySwiftSample;
		};
		9C9ED7982ECD4E3800BB8F15 /* PBXContainerItemProxy */ = {
			isa = PBXContainerItemProxy;
			containerPortal = 9C7E987D2EAEF51400C60D3A /* Project object */;
			proxyType = 1;
			remoteGlobalIDString = 9C7E98FF2EAF07A500C60D3A;
			remoteInfo = DfinerySwiftSampleServiceExtension;
		};
/* End PBXContainerItemProxy section */

/* Begin PBXCopyFilesBuildPhase section */
		9C6C2AE02ECD506E00FFE9DD /* Embed Frameworks */ = {
			isa = PBXCopyFilesBuildPhase;
			buildActionMask = 2147483647;
			dstPath = "";
			dstSubfolderSpec = 10;
			files = (
				9C6C2ADF2ECD506E00FFE9DD /* DfinerySDK.xcframework in Embed Frameworks */,
			);
			name = "Embed Frameworks";
			runOnlyForDeploymentPostprocessing = 0;
		};
		9C6C2AE32ECD507200FFE9DD /* Embed Frameworks */ = {
			isa = PBXCopyFilesBuildPhase;
			buildActionMask = 2147483647;
			dstPath = "";
			dstSubfolderSpec = 10;
			files = (
				9C6C2AE22ECD507200FFE9DD /* DfinerySDKServiceExtension.xcframework in Embed Frameworks */,
			);
			name = "Embed Frameworks";
			runOnlyForDeploymentPostprocessing = 0;
		};
		9C9ED79A2ECD4E3800BB8F15 /* Embed Foundation Extensions */ = {
			isa = PBXCopyFilesBuildPhase;
			buildActionMask = 2147483647;
			dstPath = "";
			dstSubfolderSpec = 13;
			files = (
				9C9ED7972ECD4E3800BB8F15 /* DfinerySwiftSampleServiceExtension.appex in Embed Foundation Extensions */,
			);
			name = "Embed Foundation Extensions";
			runOnlyForDeploymentPostprocessing = 0;
		};
/* End PBXCopyFilesBuildPhase section */

/* Begin PBXFileReference section */
		9C4D65A72ECD501700292767 /* DfinerySDK.xcframework */ = {isa = PBXFileReference; lastKnownFileType = wrapper.xcframework; path = DfinerySDK.xcframework; sourceTree = "<group>"; };
		9C4D65A82ECD501700292767 /* DfinerySDKServiceExtension.xcframework */ = {isa = PBXFileReference; lastKnownFileType = wrapper.xcframework; path = DfinerySDKServiceExtension.xcframework; sourceTree = "<group>"; };
		9C7E98852EAEF51400C60D3A /* DfinerySwiftSample.app */ = {isa = PBXFileReference; explicitFileType = wrapper.application; includeInIndex = 0; path = DfinerySwiftSample.app; sourceTree = BUILT_PRODUCTS_DIR; };
		9C7E99002EAF07A500C60D3A /* DfinerySwiftSampleServiceExtension.appex */ = {isa = PBXFileReference; explicitFileType = "wrapper.app-extension"; includeInIndex = 0; path = DfinerySwiftSampleServiceExtension.appex; sourceTree = BUILT_PRODUCTS_DIR; };
		9C9ED7712ECD3AE000BB8F15 /* DfinerySwiftSampleUITests.xctest */ = {isa = PBXFileReference; explicitFileType = wrapper.cfbundle; includeInIndex = 0; path = DfinerySwiftSampleUITests.xctest; sourceTree = BUILT_PRODUCTS_DIR; };
/* End PBXFileReference section */

/* Begin PBXFileSystemSynchronizedBuildFileExceptionSet section */
		9C7E98972EAEF51600C60D3A /* Exceptions for "DfinerySwiftSample" folder in "DfinerySwiftSample" target */ = {
			isa = PBXFileSystemSynchronizedBuildFileExceptionSet;
			membershipExceptions = (
				Info.plist,
			);
			target = 9C7E98842EAEF51400C60D3A /* DfinerySwiftSample */;
		};
		9C7E990C2EAF07A500C60D3A /* Exceptions for "DfinerySwiftSampleServiceExtension" folder in "DfinerySwiftSampleServiceExtension" target */ = {
			isa = PBXFileSystemSynchronizedBuildFileExceptionSet;
			membershipExceptions = (
				Info.plist,
			);
			target = 9C7E98FF2EAF07A500C60D3A /* DfinerySwiftSampleServiceExtension */;
		};
/* End PBXFileSystemSynchronizedBuildFileExceptionSet section */

/* Begin PBXFileSystemSynchronizedRootGroup section */
		9C7E98872EAEF51400C60D3A /* DfinerySwiftSample */ = {
			isa = PBXFileSystemSynchronizedRootGroup;
			exceptions = (
				9C7E98972EAEF51600C60D3A /* Exceptions for "DfinerySwiftSample" folder in "DfinerySwiftSample" target */,
			);
			path = DfinerySwiftSample;
			sourceTree = "<group>";
		};
		9C7E99012EAF07A500C60D3A /* DfinerySwiftSampleServiceExtension */ = {
			isa = PBXFileSystemSynchronizedRootGroup;
			exceptions = (
				9C7E990C2EAF07A500C60D3A /* Exceptions for "DfinerySwiftSampleServiceExtension" folder in "DfinerySwiftSampleServiceExtension" target */,
			);
			path = DfinerySwiftSampleServiceExtension;
			sourceTree = "<group>";
		};
		9C9ED7722ECD3AE000BB8F15 /* DfinerySwiftSampleUITests */ = {
			isa = PBXFileSystemSynchronizedRootGroup;
			path = DfinerySwiftSampleUITests;
			sourceTree = "<group>";
		};
/* End PBXFileSystemSynchronizedRootGroup section */

/* Begin PBXFrameworksBuildPhase section */
		9C7E98822EAEF51400C60D3A /* Frameworks */ = {
			isa = PBXFrameworksBuildPhase;
			buildActionMask = 2147483647;
			files = (
				9C6C2ADE2ECD506E00FFE9DD /* DfinerySDK.xcframework in Frameworks */,
			);
			runOnlyForDeploymentPostprocessing = 0;
		};
		9C7E98FD2EAF07A500C60D3A /* Frameworks */ = {
			isa = PBXFrameworksBuildPhase;
			buildActionMask = 2147483647;
			files = (
				9C6C2AE12ECD507200FFE9DD /* DfinerySDKServiceExtension.xcframework in Frameworks */,
			);
			runOnlyForDeploymentPostprocessing = 0;
		};
		9C9ED76E2ECD3AE000BB8F15 /* Frameworks */ = {
			isa = PBXFrameworksBuildPhase;
			buildActionMask = 2147483647;
			files = (
			);
			runOnlyForDeploymentPostprocessing = 0;
		};
/* End PBXFrameworksBuildPhase section */

/* Begin PBXGroup section */
		9C4D65A22ECD4FF900292767 /* Frameworks */ = {
			isa = PBXGroup;
			children = (
				9C4D65A72ECD501700292767 /* DfinerySDK.xcframework */,
				9C4D65A82ECD501700292767 /* DfinerySDKServiceExtension.xcframework */,
			);
			name = Frameworks;
			sourceTree = "<group>";
		};
		9C7E987C2EAEF51400C60D3A = {
			isa = PBXGroup;
			children = (
				9C7E98872EAEF51400C60D3A /* DfinerySwiftSample */,
				9C7E99012EAF07A500C60D3A /* DfinerySwiftSampleServiceExtension */,
				9C9ED7722ECD3AE000BB8F15 /* DfinerySwiftSampleUITests */,
				9C4D65A22ECD4FF900292767 /* Frameworks */,
				9C7E98862EAEF51400C60D3A /* Products */,
			);
			sourceTree = "<group>";
		};
		9C7E98862EAEF51400C60D3A /* Products */ = {
			isa = PBXGroup;
			children = (
				9C7E98852EAEF51400C60D3A /* DfinerySwiftSample.app */,
				9C7E99002EAF07A500C60D3A /* DfinerySwiftSampleServiceExtension.appex */,
				9C9ED7712ECD3AE000BB8F15 /* DfinerySwiftSampleUITests.xctest */,
			);
			name = Products;
			sourceTree = "<group>";
		};
/* End PBXGroup section */

/* Begin PBXNativeTarget section */
		9C7E98842EAEF51400C60D3A /* DfinerySwiftSample */ = {
			isa = PBXNativeTarget;
			buildConfigurationList = 9C7E98982EAEF51600C60D3A /* Build configuration list for PBXNativeTarget "DfinerySwiftSample" */;
			buildPhases = (
				9C7E98812EAEF51400C60D3A /* Sources */,
				9C7E98822EAEF51400C60D3A /* Frameworks */,
				9C7E98832EAEF51400C60D3A /* Resources */,
				9C9ED79A2ECD4E3800BB8F15 /* Embed Foundation Extensions */,
				9C6C2AE02ECD506E00FFE9DD /* Embed Frameworks */,
			);
			buildRules = (
			);
			dependencies = (
				9C9ED7992ECD4E3800BB8F15 /* PBXTargetDependency */,
			);
			fileSystemSynchronizedGroups = (
				9C7E98872EAEF51400C60D3A /* DfinerySwiftSample */,
			);
			name = DfinerySwiftSample;
			packageProductDependencies = (
			);
			productName = DfinerySwiftSample;
			productReference = 9C7E98852EAEF51400C60D3A /* DfinerySwiftSample.app */;
			productType = "com.apple.product-type.application";
		};
		9C7E98FF2EAF07A500C60D3A /* DfinerySwiftSampleServiceExtension */ = {
			isa = PBXNativeTarget;
			buildConfigurationList = 9C7E990B2EAF07A500C60D3A /* Build configuration list for PBXNativeTarget "DfinerySwiftSampleServiceExtension" */;
			buildPhases = (
				9C7E98FC2EAF07A500C60D3A /* Sources */,
				9C7E98FD2EAF07A500C60D3A /* Frameworks */,
				9C7E98FE2EAF07A500C60D3A /* Resources */,
				9C6C2AE32ECD507200FFE9DD /* Embed Frameworks */,
			);
			buildRules = (
			);
			dependencies = (
			);
			fileSystemSynchronizedGroups = (
				9C7E99012EAF07A500C60D3A /* DfinerySwiftSampleServiceExtension */,
			);
			name = DfinerySwiftSampleServiceExtension;
			packageProductDependencies = (
			);
			productName = DfinerySwiftSampleServiceExtension;
			productReference = 9C7E99002EAF07A500C60D3A /* DfinerySwiftSampleServiceExtension.appex */;
			productType = "com.apple.product-type.app-extension";
		};
		9C9ED7702ECD3AE000BB8F15 /* DfinerySwiftSampleUITests */ = {
			isa = PBXNativeTarget;
			buildConfigurationList = 9C9ED7792ECD3AE000BB8F15 /* Build configuration list for PBXNativeTarget "DfinerySwiftSampleUITests" */;
			buildPhases = (
				9C9ED76D2ECD3AE000BB8F15 /* Sources */,
				9C9ED76E2ECD3AE000BB8F15 /* Frameworks */,
				9C9ED76F2ECD3AE000BB8F15 /* Resources */,
			);
			buildRules = (
			);
			dependencies = (
				9C9ED7782ECD3AE000BB8F15 /* PBXTargetDependency */,
			);
			fileSystemSynchronizedGroups = (
				9C9ED7722ECD3AE000BB8F15 /* DfinerySwiftSampleUITests */,
			);
			name = DfinerySwiftSampleUITests;
			packageProductDependencies = (
			);
			productName = DfinerySwiftSampleUITests;
			productReference = 9C9ED7712ECD3AE000BB8F15 /* DfinerySwiftSampleUITests.xctest */;
			productType = "com.apple.product-type.bundle.ui-testing";
		};
/* End PBXNativeTarget section */

/* Begin PBXProject section */
		9C7E987D2EAEF51400C60D3A /* Project object */ = {
			isa = PBXProject;
			attributes = {
				BuildIndependentTargetsInParallel = 1;
				LastSwiftUpdateCheck = 2600;
				LastUpgradeCheck = 2600;
				TargetAttributes = {
					9C7E98842EAEF51400C60D3A = {
						CreatedOnToolsVersion = 26.0;
					};
					9C7E98FF2EAF07A500C60D3A = {
						CreatedOnToolsVersion = 26.0;
					};
					9C9ED7702ECD3AE000BB8F15 = {
						CreatedOnToolsVersion = 26.0;
						TestTargetID = 9C7E98842EAEF51400C60D3A;
					};
				};
			};
			buildConfigurationList = 9C7E98802EAEF51400C60D3A /* Build configuration list for PBXProject "DfinerySwiftSample" */;
			developmentRegion = en;
			hasScannedForEncodings = 0;
			knownRegions = (
				en,
				Base,
			);
			mainGroup = 9C7E987C2EAEF51400C60D3A;
			minimizedProjectReferenceProxies = 1;
			packageReferences = (
			);
			preferredProjectObjectVersion = 77;
			productRefGroup = 9C7E98862EAEF51400C60D3A /* Products */;
			projectDirPath = "";
			projectRoot = "";
			targets = (
				9C7E98842EAEF51400C60D3A /* DfinerySwiftSample */,
				9C7E98FF2EAF07A500C60D3A /* DfinerySwiftSampleServiceExtension */,
				9C9ED7702ECD3AE000BB8F15 /* DfinerySwiftSampleUITests */,
			);
		};
/* End PBXProject section */

/* Begin PBXResourcesBuildPhase section */
		9C7E98832EAEF51400C60D3A /* Resources */ = {
			isa = PBXResourcesBuildPhase;
			buildActionMask = 2147483647;
			files = (
			);
			runOnlyForDeploymentPostprocessing = 0;
		};
		9C7E98FE2EAF07A500C60D3A /* Resources */ = {
			isa = PBXResourcesBuildPhase;
			buildActionMask = 2147483647;
			files = (
			);
			runOnlyForDeploymentPostprocessing = 0;
		};
		9C9ED76F2ECD3AE000BB8F15 /* Resources */ = {
			isa = PBXResourcesBuildPhase;
			buildActionMask = 2147483647;
			files = (
			);
			runOnlyForDeploymentPostprocessing = 0;
		};
/* End PBXResourcesBuildPhase section */

/* Begin PBXSourcesBuildPhase section */
		9C7E98812EAEF51400C60D3A /* Sources */ = {
			isa = PBXSourcesBuildPhase;
			buildActionMask = 2147483647;
			files = (
			);
			runOnlyForDeploymentPostprocessing = 0;
		};
		9C7E98FC2EAF07A500C60D3A /* Sources */ = {
			isa = PBXSourcesBuildPhase;
			buildActionMask = 2147483647;
			files = (
			);
			runOnlyForDeploymentPostprocessing = 0;
		};
		9C9ED76D2ECD3AE000BB8F15 /* Sources */ = {
			isa = PBXSourcesBuildPhase;
			buildActionMask = 2147483647;
			files = (
			);
			runOnlyForDeploymentPostprocessing = 0;
		};
/* End PBXSourcesBuildPhase section */

/* Begin PBXTargetDependency section */
		9C9ED7782ECD3AE000BB8F15 /* PBXTargetDependency */ = {
			isa = PBXTargetDependency;
			target = 9C7E98842EAEF51400C60D3A /* DfinerySwiftSample */;
			targetProxy = 9C9ED7772ECD3AE000BB8F15 /* PBXContainerItemProxy */;
		};
		9C9ED7992ECD4E3800BB8F15 /* PBXTargetDependency */ = {
			isa = PBXTargetDependency;
			target = 9C7E98FF2EAF07A500C60D3A /* DfinerySwiftSampleServiceExtension */;
			targetProxy = 9C9ED7982ECD4E3800BB8F15 /* PBXContainerItemProxy */;
		};
/* End PBXTargetDependency section */

/* Begin XCBuildConfiguration section */
		9C7E98992EAEF51600C60D3A /* Debug */ = {
			isa = XCBuildConfiguration;
			buildSettings = {
				ASSETCATALOG_COMPILER_APPICON_NAME = AppIcon;
				ASSETCATALOG_COMPILER_GLOBAL_ACCENT_COLOR_NAME = AccentColor;
				CODE_SIGN_STYLE = Automatic;
				CURRENT_PROJECT_VERSION = 1;
				DEVELOPMENT_TEAM = 6UFX7ZBPC3;
				GENERATE_INFOPLIST_FILE = YES;
				INFOPLIST_FILE = DfinerySwiftSample/Info.plist;
				INFOPLIST_KEY_UIApplicationSupportsIndirectInputEvents = YES;
				INFOPLIST_KEY_UILaunchStoryboardName = LaunchScreen;
				INFOPLIST_KEY_UIMainStoryboardFile = Main;
				INFOPLIST_KEY_UISupportedInterfaceOrientations_iPad = "UIInterfaceOrientationPortrait UIInterfaceOrientationPortraitUpsideDown UIInterfaceOrientationLandscapeLeft UIInterfaceOrientationLandscapeRight";
				INFOPLIST_KEY_UISupportedInterfaceOrientations_iPhone = "UIInterfaceOrientationPortrait UIInterfaceOrientationLandscapeLeft UIInterfaceOrientationLandscapeRight";
				IPHONEOS_DEPLOYMENT_TARGET = 15.6;
				LD_RUNPATH_SEARCH_PATHS = (
					"$(inherited)",
					"@executable_path/Frameworks",
				);
				MARKETING_VERSION = 1.0;
				PRODUCT_BUNDLE_IDENTIFIER = com.igaworks.DfinerySwiftSample;
				PRODUCT_NAME = "$(TARGET_NAME)";
				STRING_CATALOG_GENERATE_SYMBOLS = YES;
				SWIFT_APPROACHABLE_CONCURRENCY = YES;
				SWIFT_DEFAULT_ACTOR_ISOLATION = MainActor;
				SWIFT_EMIT_LOC_STRINGS = YES;
				SWIFT_UPCOMING_FEATURE_MEMBER_IMPORT_VISIBILITY = YES;
				SWIFT_VERSION = 5.0;
				TARGETED_DEVICE_FAMILY = "1,2";
			};
			name = Debug;
		};
		9C7E989A2EAEF51600C60D3A /* Release */ = {
			isa = XCBuildConfiguration;
			buildSettings = {
				ASSETCATALOG_COMPILER_APPICON_NAME = AppIcon;
				ASSETCATALOG_COMPILER_GLOBAL_ACCENT_COLOR_NAME = AccentColor;
				CODE_SIGN_STYLE = Automatic;
				CURRENT_PROJECT_VERSION = 1;
				DEVELOPMENT_TEAM = 6UFX7ZBPC3;
				GENERATE_INFOPLIST_FILE = YES;
				INFOPLIST_FILE = DfinerySwiftSample/Info.plist;
				INFOPLIST_KEY_UIApplicationSupportsIndirectInputEvents = YES;
				INFOPLIST_KEY_UILaunchStoryboardName = LaunchScreen;
				INFOPLIST_KEY_UIMainStoryboardFile = Main;
				INFOPLIST_KEY_UISupportedInterfaceOrientations_iPad = "UIInterfaceOrientationPortrait UIInterfaceOrientationPortraitUpsideDown UIInterfaceOrientationLandscapeLeft UIInterfaceOrientationLandscapeRight";
				INFOPLIST_KEY_UISupportedInterfaceOrientations_iPhone = "UIInterfaceOrientationPortrait UIInterfaceOrientationLandscapeLeft UIInterfaceOrientationLandscapeRight";
				IPHONEOS_DEPLOYMENT_TARGET = 15.6;
				LD_RUNPATH_SEARCH_PATHS = (
					"$(inherited)",
					"@executable_path/Frameworks",
				);
				MARKETING_VERSION = 1.0;
				PRODUCT_BUNDLE_IDENTIFIER = com.igaworks.DfinerySwiftSample;
				PRODUCT_NAME = "$(TARGET_NAME)";
				STRING_CATALOG_GENERATE_SYMBOLS = YES;
				SWIFT_APPROACHABLE_CONCURRENCY = YES;
				SWIFT_DEFAULT_ACTOR_ISOLATION = MainActor;
				SWIFT_EMIT_LOC_STRINGS = YES;
				SWIFT_UPCOMING_FEATURE_MEMBER_IMPORT_VISIBILITY = YES;
				SWIFT_VERSION = 5.0;
				TARGETED_DEVICE_FAMILY = "1,2";
			};
			name = Release;
		};
		9C7E989B2EAEF51600C60D3A /* Debug */ = {
			isa = XCBuildConfiguration;
			buildSettings = {
				ALWAYS_SEARCH_USER_PATHS = NO;
				ASSETCATALOG_COMPILER_GENERATE_SWIFT_ASSET_SYMBOL_EXTENSIONS = YES;
				CLANG_ANALYZER_NONNULL = YES;
				CLANG_ANALYZER_NUMBER_OBJECT_CONVERSION = YES_AGGRESSIVE;
				CLANG_CXX_LANGUAGE_STANDARD = "gnu++20";
				CLANG_ENABLE_MODULES = YES;
				CLANG_ENABLE_OBJC_ARC = YES;
				CLANG_ENABLE_OBJC_WEAK = YES;
				CLANG_WARN_BLOCK_CAPTURE_AUTORELEASING = YES;
				CLANG_WARN_BOOL_CONVERSION = YES;
				CLANG_WARN_COMMA = YES;
				CLANG_WARN_CONSTANT_CONVERSION = YES;
				CLANG_WARN_DEPRECATED_OBJC_IMPLEMENTATIONS = YES;
				CLANG_WARN_DIRECT_OBJC_ISA_USAGE = YES_ERROR;
				CLANG_WARN_DOCUMENTATION_COMMENTS = YES;
				CLANG_WARN_EMPTY_BODY = YES;
				CLANG_WARN_ENUM_CONVERSION = YES;
				CLANG_WARN_INFINITE_RECURSION = YES;
				CLANG_WARN_INT_CONVERSION = YES;
				CLANG_WARN_NON_LITERAL_NULL_CONVERSION = YES;
				CLANG_WARN_OBJC_IMPLICIT_RETAIN_SELF = YES;
				CLANG_WARN_OBJC_LITERAL_CONVERSION = YES;
				CLANG_WARN_OBJC_ROOT_CLASS = YES_ERROR;
				CLANG_WARN_QUOTED_INCLUDE_IN_FRAMEWORK_HEADER = YES;
				CLANG_WARN_RANGE_LOOP_ANALYSIS = YES;
				CLANG_WARN_STRICT_PROTOTYPES = YES;
				CLANG_WARN_SUSPICIOUS_MOVE = YES;
				CLANG_WARN_UNGUARDED_AVAILABILITY = YES_AGGRESSIVE;
				CLANG_WARN_UNREACHABLE_CODE = YES;
				CLANG_WARN__DUPLICATE_METHOD_MATCH = YES;
				COPY_PHASE_STRIP = NO;
				DEBUG_INFORMATION_FORMAT = dwarf;
				DEVELOPMENT_TEAM = 6UFX7ZBPC3;
				ENABLE_STRICT_OBJC_MSGSEND = YES;
				ENABLE_TESTABILITY = YES;
				ENABLE_USER_SCRIPT_SANDBOXING = YES;
				GCC_C_LANGUAGE_STANDARD = gnu17;
				GCC_DYNAMIC_NO_PIC = NO;
				GCC_NO_COMMON_BLOCKS = YES;
				GCC_OPTIMIZATION_LEVEL = 0;
				GCC_PREPROCESSOR_DEFINITIONS = (
					"DEBUG=1",
					"$(inherited)",
				);
				GCC_WARN_64_TO_32_BIT_CONVERSION = YES;
				GCC_WARN_ABOUT_RETURN_TYPE = YES_ERROR;
				GCC_WARN_UNDECLARED_SELECTOR = YES;
				GCC_WARN_UNINITIALIZED_AUTOS = YES_AGGRESSIVE;
				GCC_WARN_UNUSED_FUNCTION = YES;
				GCC_WARN_UNUSED_VARIABLE = YES;
				IPHONEOS_DEPLOYMENT_TARGET = 26.0;
				LOCALIZATION_PREFERS_STRING_CATALOGS = YES;
				MTL_ENABLE_DEBUG_INFO = INCLUDE_SOURCE;
				MTL_FAST_MATH = YES;
				ONLY_ACTIVE_ARCH = YES;
				SDKROOT = iphoneos;
				SWIFT_ACTIVE_COMPILATION_CONDITIONS = "DEBUG $(inherited)";
				SWIFT_OPTIMIZATION_LEVEL = "-Onone";
			};
			name = Debug;
		};
		9C7E989C2EAEF51600C60D3A /* Release */ = {
			isa = XCBuildConfiguration;
			buildSettings = {
				ALWAYS_SEARCH_USER_PATHS = NO;
				ASSETCATALOG_COMPILER_GENERATE_SWIFT_ASSET_SYMBOL_EXTENSIONS = YES;
				CLANG_ANALYZER_NONNULL = YES;
				CLANG_ANALYZER_NUMBER_OBJECT_CONVERSION = YES_AGGRESSIVE;
				CLANG_CXX_LANGUAGE_STANDARD = "gnu++20";
				CLANG_ENABLE_MODULES = YES;
				CLANG_ENABLE_OBJC_ARC = YES;
				CLANG_ENABLE_OBJC_WEAK = YES;
				CLANG_WARN_BLOCK_CAPTURE_AUTORELEASING = YES;
				CLANG_WARN_BOOL_CONVERSION = YES;
				CLANG_WARN_COMMA = YES;
				CLANG_WARN_CONSTANT_CONVERSION = YES;
				CLANG_WARN_DEPRECATED_OBJC_IMPLEMENTATIONS = YES;
				CLANG_WARN_DIRECT_OBJC_ISA_USAGE = YES_ERROR;
				CLANG_WARN_DOCUMENTATION_COMMENTS = YES;
				CLANG_WARN_EMPTY_BODY = YES;
				CLANG_WARN_ENUM_CONVERSION = YES;
				CLANG_WARN_INFINITE_RECURSION = YES;
				CLANG_WARN_INT_CONVERSION = YES;
				CLANG_WARN_NON_LITERAL_NULL_CONVERSION = YES;
				CLANG_WARN_OBJC_IMPLICIT_RETAIN_SELF = YES;
				CLANG_WARN_OBJC_LITERAL_CONVERSION = YES;
				CLANG_WARN_OBJC_ROOT_CLASS = YES_ERROR;
				CLANG_WARN_QUOTED_INCLUDE_IN_FRAMEWORK_HEADER = YES;
				CLANG_WARN_RANGE_LOOP_ANALYSIS = YES;
				CLANG_WARN_STRICT_PROTOTYPES = YES;
				CLANG_WARN_SUSPICIOUS_MOVE = YES;
				CLANG_WARN_UNGUARDED_AVAILABILITY = YES_AGGRESSIVE;
				CLANG_WARN_UNREACHABLE_CODE = YES;
				CLANG_WARN__DUPLICATE_METHOD_MATCH = YES;
				COPY_PHASE_STRIP = NO;
				DEBUG_INFORMATION_FORMAT = "dwarf-with-dsym";
				DEVELOPMENT_TEAM = 6UFX7ZBPC3;
				ENABLE_NS_ASSERTIONS = NO;
				ENABLE_STRICT_OBJC_MSGSEND = YES;
				ENABLE_USER_SCRIPT_SANDBOXING = YES;
				GCC_C_LANGUAGE_STANDARD = gnu17;
				GCC_NO_COMMON_BLOCKS = YES;
				GCC_WARN_64_TO_32_BIT_CONVERSION = YES;
				GCC_WARN_ABOUT_RETURN_TYPE = YES_ERROR;
				GCC_WARN_UNDECLARED_SELECTOR = YES;
				GCC_WARN_UNINITIALIZED_AUTOS = YES_AGGRESSIVE;
				GCC_WARN_UNUSED_FUNCTION = YES;
				GCC_WARN_UNUSED_VARIABLE = YES;
				IPHONEOS_DEPLOYMENT_TARGET = 26.0;
				LOCALIZATION_PREFERS_STRING_CATALOGS = YES;
				MTL_ENABLE_DEBUG_INFO = NO;
				MTL_FAST_MATH = YES;
				SDKROOT = iphoneos;
				SWIFT_COMPILATION_MODE = wholemodule;
				VALIDATE_PRODUCT = YES;
			};
			name = Release;
		};
		9C7E99092EAF07A500C60D3A /* Debug */ = {
			isa = XCBuildConfiguration;
			buildSettings = {
				CODE_SIGN_STYLE = Automatic;
				CURRENT_PROJECT_VERSION = 1;
				DEVELOPMENT_TEAM = 6UFX7ZBPC3;
				GENERATE_INFOPLIST_FILE = YES;
				INFOPLIST_FILE = DfinerySwiftSampleServiceExtension/Info.plist;
				INFOPLIST_KEY_CFBundleDisplayName = DfinerySwiftSampleServiceExtension;
				INFOPLIST_KEY_NSHumanReadableCopyright = "";
				LD_RUNPATH_SEARCH_PATHS = (
					"$(inherited)",
					"@executable_path/Frameworks",
					"@executable_path/../../Frameworks",
				);
				MARKETING_VERSION = 1.0;
				PRODUCT_BUNDLE_IDENTIFIER = com.igaworks.DfinerySwiftSample.DfinerySwiftSampleServiceExtension;
				PRODUCT_NAME = "$(TARGET_NAME)";
				SKIP_INSTALL = YES;
				STRING_CATALOG_GENERATE_SYMBOLS = YES;
				SWIFT_APPROACHABLE_CONCURRENCY = YES;
				SWIFT_EMIT_LOC_STRINGS = YES;
				SWIFT_UPCOMING_FEATURE_MEMBER_IMPORT_VISIBILITY = YES;
				SWIFT_VERSION = 5.0;
				TARGETED_DEVICE_FAMILY = "1,2";
			};
			name = Debug;
		};
		9C7E990A2EAF07A500C60D3A /* Release */ = {
			isa = XCBuildConfiguration;
			buildSettings = {
				CODE_SIGN_STYLE = Automatic;
				CURRENT_PROJECT_VERSION = 1;
				DEVELOPMENT_TEAM = 6UFX7ZBPC3;
				GENERATE_INFOPLIST_FILE = YES;
				INFOPLIST_FILE = DfinerySwiftSampleServiceExtension/Info.plist;
				INFOPLIST_KEY_CFBundleDisplayName = DfinerySwiftSampleServiceExtension;
				INFOPLIST_KEY_NSHumanReadableCopyright = "";
				LD_RUNPATH_SEARCH_PATHS = (
					"$(inherited)",
					"@executable_path/Frameworks",
					"@executable_path/../../Frameworks",
				);
				MARKETING_VERSION = 1.0;
				PRODUCT_BUNDLE_IDENTIFIER = com.igaworks.DfinerySwiftSample.DfinerySwiftSampleServiceExtension;
				PRODUCT_NAME = "$(TARGET_NAME)";
				SKIP_INSTALL = YES;
				STRING_CATALOG_GENERATE_SYMBOLS = YES;
				SWIFT_APPROACHABLE_CONCURRENCY = YES;
				SWIFT_EMIT_LOC_STRINGS = YES;
				SWIFT_UPCOMING_FEATURE_MEMBER_IMPORT_VISIBILITY = YES;
				SWIFT_VERSION = 5.0;
				TARGETED_DEVICE_FAMILY = "1,2";
			};
			name = Release;
		};
		9C9ED77A2ECD3AE000BB8F15 /* Debug */ = {
			isa = XCBuildConfiguration;
			buildSettings = {
				CODE_SIGN_STYLE = Automatic;
				CURRENT_PROJECT_VERSION = 1;
				DEVELOPMENT_TEAM = 6UFX7ZBPC3;
				GENERATE_INFOPLIST_FILE = YES;
				MARKETING_VERSION = 1.0;
				PRODUCT_BUNDLE_IDENTIFIER = com.igaworks.DfinerySwiftSampleUITests;
				PRODUCT_NAME = "$(TARGET_NAME)";
				STRING_CATALOG_GENERATE_SYMBOLS = NO;
				SWIFT_APPROACHABLE_CONCURRENCY = YES;
				SWIFT_EMIT_LOC_STRINGS = NO;
				SWIFT_UPCOMING_FEATURE_MEMBER_IMPORT_VISIBILITY = YES;
				SWIFT_VERSION = 5.0;
				TARGETED_DEVICE_FAMILY = "1,2";
				TEST_TARGET_NAME = DfinerySwiftSample;
			};
			name = Debug;
		};
		9C9ED77B2ECD3AE000BB8F15 /* Release */ = {
			isa = XCBuildConfiguration;
			buildSettings = {
				CODE_SIGN_STYLE = Automatic;
				CURRENT_PROJECT_VERSION = 1;
				DEVELOPMENT_TEAM = 6UFX7ZBPC3;
				GENERATE_INFOPLIST_FILE = YES;
				MARKETING_VERSION = 1.0;
				PRODUCT_BUNDLE_IDENTIFIER = com.igaworks.DfinerySwiftSampleUITests;
				PRODUCT_NAME = "$(TARGET_NAME)";
				STRING_CATALOG_GENERATE_SYMBOLS = NO;
				SWIFT_APPROACHABLE_CONCURRENCY = YES;
				SWIFT_EMIT_LOC_STRINGS = NO;
				SWIFT_UPCOMING_FEATURE_MEMBER_IMPORT_VISIBILITY = YES;
				SWIFT_VERSION = 5.0;
				TARGETED_DEVICE_FAMILY = "1,2";
				TEST_TARGET_NAME = DfinerySwiftSample;
			};
			name = Release;
		};
/* End XCBuildConfiguration section */

/* Begin XCConfigurationList section */
		9C7E98802EAEF51400C60D3A /* Build configuration list for PBXProject "DfinerySwiftSample" */ = {
			isa = XCConfigurationList;
			buildConfigurations = (
				9C7E989B2EAEF51600C60D3A /* Debug */,
				9C7E989C2EAEF51600C60D3A /* Release */,
			);
			defaultConfigurationIsVisible = 0;
			defaultConfigurationName = Release;
		};
		9C7E98982EAEF51600C60D3A /* Build configuration list for PBXNativeTarget "DfinerySwiftSample" */ = {
			isa = XCConfigurationList;
			buildConfigurations = (
				9C7E98992EAEF51600C60D3A /* Debug */,
				9C7E989A2EAEF51600C60D3A /* Release */,
			);
			defaultConfigurationIsVisible = 0;
			defaultConfigurationName = Release;
		};
		9C7E990B2EAF07A500C60D3A /* Build configuration list for PBXNativeTarget "DfinerySwiftSampleServiceExtension" */ = {
			isa = XCConfigurationList;
			buildConfigurations = (
				9C7E99092EAF07A500C60D3A /* Debug */,
				9C7E990A2EAF07A500C60D3A /* Release */,
			);
			defaultConfigurationIsVisible = 0;
			defaultConfigurationName = Release;
		};
		9C9ED7792ECD3AE000BB8F15 /* Build configuration list for PBXNativeTarget "DfinerySwiftSampleUITests" */ = {
			isa = XCConfigurationList;
			buildConfigurations = (
				9C9ED77A2ECD3AE000BB8F15 /* Debug */,
				9C9ED77B2ECD3AE000BB8F15 /* Release */,
			);
			defaultConfigurationIsVisible = 0;
			defaultConfigurationName = Release;
		};
/* End XCConfigurationList section */
	};
	rootObject = 9C7E987D2EAEF51400C60D3A /* Project object */;
}
